
Microsoft Visual Studio Solution File, Format Version 12.00
# Visual Studio 15
VisualStudioVersion = 15.0.28307.271
MinimumVisualStudioVersion = 10.0.40219.1
Project("{FAE04EC0-301F-11D3-BF4B-00C04F79EFBC}") = "Lime-Dropper-1", "Lime-Dropper-1\Lime-Dropper-1.csproj", "{146E3D7D-EA7E-4971-82A5-8A47987B7070}"
EndProject
Global
	GlobalSection(SolutionConfigurationPlatforms) = preSolution
		Debug|Any CPU = Debug|Any CPU
		Release|Any CPU = Release|Any CPU
	EndGlobalSection
	GlobalSection(ProjectConfigurationPlatforms) = postSolution
		{146E3D7D-EA7E-4971-82A5-8A47987B7070}.Debug|Any CPU.ActiveCfg = Debug|Any CPU
		{146E3D7D-EA7E-4971-82A5-8A47987B7070}.Debug|Any CPU.Build.0 = Debug|Any CPU
		{146E3D7D-EA7E-4971-82A5-8A47987B7070}.Release|Any CPU.ActiveCfg = Release|Any CPU
		{146E3D7D-EA7E-4971-82A5-8A47987B7070}.Release|Any CPU.Build.0 = Release|Any CPU
	EndGlobalSection
	GlobalSection(SolutionProperties) = preSolution
		HideSolutionNode = FALSE
	EndGlobalSection
	GlobalSection(ExtensibilityGlobals) = postSolution
		SolutionGuid = {D57F8A71-7405-4564-9C8E-3F2E72319682}
	EndGlobalSection
EndGlobal
